
Microsoft Visual Studio Solution File, Format Version 12.00
# Visual Studio Version 16
VisualStudioVersion = 16.0.30907.101
MinimumVisualStudioVersion = 10.0.40219.1
Project("{FAE04EC0-301F-11D3-BF4B-00C04F79EFBC}") = "KafkaProducer", "KafkaProducer\KafkaProducer.csproj", "{B63E3C68-38BE-4713-A86D-D8EABBD6D5C0}"
EndProject
Project("{FAE04EC0-301F-11D3-BF4B-00C04F79EFBC}") = "KafkaConsumer", "KafkaConsumer\KafkaConsumer.csproj", "{8E66C621-CF3B-41C4-A9DF-5EC6467C4348}"
EndProject
Global
	GlobalSection(SolutionConfigurationPlatforms) = preSolution
		Debug|Any CPU = Debug|Any CPU
		Release|Any CPU = Release|Any CPU
	EndGlobalSection
	GlobalSection(ProjectConfigurationPlatforms) = postSolution
		{B63E3C68-38BE-4713-A86D-D8EABBD6D5C0}.Debug|Any CPU.ActiveCfg = Debug|Any CPU
		{B63E3C68-38BE-4713-A86D-D8EABBD6D5C0}.Debug|Any CPU.Build.0 = Debug|Any CPU
		{B63E3C68-38BE-4713-A86D-D8EABBD6D5C0}.Release|Any CPU.ActiveCfg = Release|Any CPU
		{B63E3C68-38BE-4713-A86D-D8EABBD6D5C0}.Release|Any CPU.Build.0 = Release|Any CPU
		{8E66C621-CF3B-41C4-A9DF-5EC6467C4348}.Debug|Any CPU.ActiveCfg = Debug|Any CPU
		{8E66C621-CF3B-41C4-A9DF-5EC6467C4348}.Debug|Any CPU.Build.0 = Debug|Any CPU
		{8E66C621-CF3B-41C4-A9DF-5EC6467C4348}.Release|Any CPU.ActiveCfg = Release|Any CPU
		{8E66C621-CF3B-41C4-A9DF-5EC6467C4348}.Release|Any CPU.Build.0 = Release|Any CPU
	EndGlobalSection
	GlobalSection(SolutionProperties) = preSolution
		HideSolutionNode = FALSE
	EndGlobalSection
	GlobalSection(ExtensibilityGlobals) = postSolution
		SolutionGuid = {82F5B05D-2831-4D6F-A49C-467E4AD98884}
	EndGlobalSection
EndGlobal
